
Microsoft Visual Studio Solution File, Format Version 12.00
# Visual Studio Version 17
VisualStudioVersion = 17.14.36310.24 d17.14
MinimumVisualStudioVersion = 10.0.40219.1
Project("{FAE04EC0-301F-11D3-BF4B-00C04F79EFBC}") = "StudentManagementSystem", "StudentManagementSystem\StudentManagementSystem.csproj", "{2179794B-8549-48B4-9228-77469ACFF9EA}"
EndProject
Global
	GlobalSection(SolutionConfigurationPlatforms) = preSolution
		Debug|Any CPU = Debug|Any CPU
		Release|Any CPU = Release|Any CPU
	EndGlobalSection
	GlobalSection(ProjectConfigurationPlatforms) = postSolution
		{2179794B-8549-48B4-9228-77469ACFF9EA}.Debug|Any CPU.ActiveCfg = Debug|Any CPU
		{2179794B-8549-48B4-9228-77469ACFF9EA}.Debug|Any CPU.Build.0 = Debug|Any CPU
		{2179794B-8549-48B4-9228-77469ACFF9EA}.Release|Any CPU.ActiveCfg = Release|Any CPU
		{2179794B-8549-48B4-9228-77469ACFF9EA}.Release|Any CPU.Build.0 = Release|Any CPU
	EndGlobalSection
	GlobalSection(SolutionProperties) = preSolution
		HideSolutionNode = FALSE
	EndGlobalSection
	GlobalSection(ExtensibilityGlobals) = postSolution
		SolutionGuid = {D34EF135-896B-47F2-A05C-4034ACD7BBE8}
	EndGlobalSection
EndGlobal
